
Microsoft Visual Studio Solution File, Format Version 12.00
# Visual Studio Version 17
VisualStudioVersion = 17.0.31808.319
MinimumVisualStudioVersion = 10.0.40219.1
Project("{8BC9CEB8-8B4A-11D0-8D11-00A0C91BC942}") = "StarshipInvader", "StarshipInvader.vcxproj", "{EC9310D3-7779-43B4-9933-D448DAC69CD4}"
EndProject
Global
	GlobalSection(SolutionConfigurationPlatforms) = preSolution
		Debug|x64 = Debug|x64
		Debug|x86 = Debug|x86
		Release|x64 = Release|x64
		Release|x86 = Release|x86
	EndGlobalSection
	GlobalSection(ProjectConfigurationPlatforms) = postSolution
		{EC9310D3-7779-43B4-9933-D448DAC69CD4}.Debug|x64.ActiveCfg = Debug|x64
		{EC9310D3-7779-43B4-9933-D448DAC69CD4}.Debug|x64.Build.0 = Debug|x64
		{EC9310D3-7779-43B4-9933-D448DAC69CD4}.Debug|x86.ActiveCfg = Debug|Win32
		{EC9310D3-7779-43B4-9933-D448DAC69CD4}.Debug|x86.Build.0 = Debug|Win32
		{EC9310D3-7779-43B4-9933-D448DAC69CD4}.Release|x64.ActiveCfg = Release|x64
		{EC9310D3-7779-43B4-9933-D448DAC69CD4}.Release|x64.Build.0 = Release|x64
		{EC9310D3-7779-43B4-9933-D448DAC69CD4}.Release|x86.ActiveCfg = Release|Win32
		{EC9310D3-7779-43B4-9933-D448DAC69CD4}.Release|x86.Build.0 = Release|Win32
	EndGlobalSection
	GlobalSection(SolutionProperties) = preSolution
		HideSolutionNode = FALSE
	EndGlobalSection
	GlobalSection(ExtensibilityGlobals) = postSolution
		SolutionGuid = {B73EC927-852D-4F19-A75D-87E452ED5222}
	EndGlobalSection
EndGlobal
